PODS:
  - app_links (7.0.0):
    - Flutter
  - audioplayers_darwin (0.0.1):
    - Flutter
  - background_fetch (1.6.1):
    - Flutter
    - TSBackgroundFetch (~> 4.1.0)
  - CocoaLumberjack (3.8.5):
    - CocoaLumberjack/Core (= 3.8.5)
  - CocoaLumberjack/Core (3.8.5)
  - Flutter (1.0.0)
  - flutter_background_geolocation (4.18.3):
    - CocoaLumberjack (~> 3.8.5)
    - Flutter
  - mapbox_maps_flutter (2.17.0):
    - Flutter
    - MapboxMaps (= 11.17.0)
    - Turf (= 4.0.0)
  - MapboxCommon (24.17.0):
    - Turf (= 4.0.0)
  - MapboxCoreMaps (11.17.0):
    - MapboxCommon (= 24.17.0)
  - MapboxMaps (11.17.0):
    - MapboxCommon (= 24.17.0)
    - MapboxCoreMaps (= 11.17.0)
    - Turf (= 4.0.0)
  - perfect_volume_control (0.0.1):
    - Flutter
  - permission_handler_apple (9.3.0):
    - Flutter
  - record_darwin (1.0.0):
    - Flutter
  - shared_preferences_foundation (0.0.1):
    - Flutter
    - FlutterMacOS
  - TensorFlowLiteC (2.12.0):
    - TensorFlowLiteC/Core (= 2.12.0)
  - TensorFlowLiteC/Core (2.12.0)
  - TensorFlowLiteC/CoreML (2.12.0):
    - TensorFlowLiteC/Core
  - TensorFlowLiteC/Metal (2.12.0):
    - TensorFlowLiteC/Core
  - TensorFlowLiteSwift (2.12.0):
    - TensorFlowLiteSwift/Core (= 2.12.0)
  - TensorFlowLiteSwift/Core (2.12.0):
    - TensorFlowLiteC (= 2.12.0)
  - TensorFlowLiteSwift/CoreML (2.12.0):
    - TensorFlowLiteC/CoreML (= 2.12.0)
    - TensorFlowLiteSwift/Core (= 2.12.0)
  - TensorFlowLiteSwift/Metal (2.12.0):
    - TensorFlowLiteC/Metal (= 2.12.0)
    - TensorFlowLiteSwift/Core (= 2.12.0)
  - tflite_flutter (0.0.1):
    - Flutter
    - TensorFlowLiteSwift (= 2.12.0)
    - TensorFlowLiteSwift/CoreML (= 2.12.0)
    - TensorFlowLiteSwift/Metal (= 2.12.0)
  - TSBackgroundFetch (4.1.1)
  - Turf (4.0.0)
  - url_launcher_ios (0.0.1):
    - Flutter

DEPENDENCIES:
  - app_links (from `.symlinks/plugins/app_links/ios`)
  - audioplayers_darwin (from `.symlinks/plugins/audioplayers_darwin/ios`)
  - background_fetch (from `.symlinks/plugins/background_fetch/ios`)
  - Flutter (from `Flutter`)
  - flutter_background_geolocation (from `.symlinks/plugins/flutter_background_geolocation/ios`)
  - mapbox_maps_flutter (from `.symlinks/plugins/mapbox_maps_flutter/ios`)
  - perfect_volume_control (from `.symlinks/plugins/perfect_volume_control/ios`)
  - permission_handler_apple (from `.symlinks/plugins/permission_handler_apple/ios`)
  - record_darwin (from `.symlinks/plugins/record_darwin/ios`)
  - shared_preferences_foundation (from `.symlinks/plugins/shared_preferences_foundation/darwin`)
  - tflite_flutter (from `.symlinks/plugins/tflite_flutter/ios`)
  - url_launcher_ios (from `.symlinks/plugins/url_launcher_ios/ios`)

SPEC REPOS:
  trunk:
    - CocoaLumberjack
    - MapboxCommon
    - MapboxCoreMaps
    - MapboxMaps
    - TensorFlowLiteC
    - TensorFlowLiteSwift
    - TSBackgroundFetch
    - Turf

EXTERNAL SOURCES:
  app_links:
    :path: ".symlinks/plugins/app_links/ios"
  audioplayers_darwin:
    :path: ".symlinks/plugins/audioplayers_darwin/ios"
  background_fetch:
    :path: ".symlinks/plugins/background_fetch/ios"
  Flutter:
    :path: Flutter
  flutter_background_geolocation:
    :path: ".symlinks/plugins/flutter_background_geolocation/ios"
  mapbox_maps_flutter:
    :path: ".symlinks/plugins/mapbox_maps_flutter/ios"
  perfect_volume_control:
    :path: ".symlinks/plugins/perfect_volume_control/ios"
  permission_handler_apple:
    :path: ".symlinks/plugins/permission_handler_apple/ios"
  record_darwin:
    :path: ".symlinks/plugins/record_darwin/ios"
  shared_preferences_foundation:
    :path: ".symlinks/plugins/shared_preferences_foundation/darwin"
  tflite_flutter:
    :path: ".symlinks/plugins/tflite_flutter/ios"
  url_launcher_ios:
    :path: ".symlinks/plugins/url_launcher_ios/ios"

SPEC CHECKSUMS:
  app_links: a754cbec3c255bd4bbb4d236ecc06f28cd9a7ce8
  audioplayers_darwin: ccf9c770ee768abb07e26d90af093f7bab1c12ab
  background_fetch: 858ab7f1d2f525e90808445a8d40dfdc33660aff
  CocoaLumberjack: 6a459bc897d6d80bd1b8c78482ec7ad05dffc3f0
  Flutter: cabc95a1d2626b1b06e7179b784ebcf0c0cde467
  flutter_background_geolocation: 81f17ef8f561dba232729c46275de1dbdfa89e06
  mapbox_maps_flutter: a1dfc0a0825a5ded612bea16fc1eecc9c47cbaf8
  MapboxCommon: 5cc0e77733478a7b2a3a28af7c38adc8485e07d8
  MapboxCoreMaps: b7b7703cd8af3ae9088f42c6d23b591947a1eb1f
  MapboxMaps: 10b01217e5634aa7b6fc1fb10d036598d9240ba6
  perfect_volume_control: 957afa1e0d816dfee645bae9bc901ae08790f996
  permission_handler_apple: 4ed2196e43d0651e8ff7ca3483a069d469701f2d
  record_darwin: fb1f375f1d9603714f55b8708a903bbb91ffdb0a
  shared_preferences_foundation: 7036424c3d8ec98dfe75ff1667cb0cd531ec82bb
  TensorFlowLiteC: 20785a69299185a379ba9852b6625f00afd7984a
  TensorFlowLiteSwift: 3a4928286e9e35bdd3e17970f48e53c80d25e793
  tflite_flutter: 64b192e11352fe36943ab6656e1d49207f1a5595
  TSBackgroundFetch: 18918b6449a1e3f01eb0f5b44d6d79ce6160a5a5
  Turf: c9eb11a65d96af58cac523460fd40fec5061b081
  url_launcher_ios: 7a95fa5b60cc718a708b8f2966718e93db0cef1b

PODFILE CHECKSUM: 2270f5bc8b3f6b31071fc727cfcec0f63c7c0b9e

COCOAPODS: 1.16.2
